
Microsoft Visual Studio Solution File, Format Version 12.00
# Visual Studio Version 17
VisualStudioVersion = 17.3.32929.385
MinimumVisualStudioVersion = 10.0.40219.1
Project("{FAE04EC0-301F-11D3-BF4B-00C04F79EFBC}") = "SauceDemo", "SauceDemo\SauceDemo.csproj", "{024D70A6-BE27-47E0-919B-7EC50D5A3B8B}"
EndProject
Global
	GlobalSection(SolutionConfigurationPlatforms) = preSolution
		Debug|Any CPU = Debug|Any CPU
		Release|Any CPU = Release|Any CPU
	EndGlobalSection
	GlobalSection(ProjectConfigurationPlatforms) = postSolution
		{024D70A6-BE27-47E0-919B-7EC50D5A3B8B}.Debug|Any CPU.ActiveCfg = Debug|Any CPU
		{024D70A6-BE27-47E0-919B-7EC50D5A3B8B}.Debug|Any CPU.Build.0 = Debug|Any CPU
		{024D70A6-BE27-47E0-919B-7EC50D5A3B8B}.Release|Any CPU.ActiveCfg = Release|Any CPU
		{024D70A6-BE27-47E0-919B-7EC50D5A3B8B}.Release|Any CPU.Build.0 = Release|Any CPU
	EndGlobalSection
	GlobalSection(SolutionProperties) = preSolution
		HideSolutionNode = FALSE
	EndGlobalSection
	GlobalSection(ExtensibilityGlobals) = postSolution
		SolutionGuid = {E256376B-33BE-4721-9334-8CD9D30B8EFC}
	EndGlobalSection
EndGlobal
